
Microsoft Visual Studio Solution File, Format Version 12.00
# Visual Studio 15
VisualStudioVersion = 15.0.28307.329
MinimumVisualStudioVersion = 10.0.40219.1
Project("{9A19103F-16F7-4668-BE54-9A1E7A4F7556}") = "Fizzbuzz", "Fizzbuzz\Fizzbuzz.csproj", "{7572662F-FE46-4784-988E-E24A724B8805}"
EndProject
Project("{9A19103F-16F7-4668-BE54-9A1E7A4F7556}") = "Fizzbuzz.Tests", "Fizzbuzz.Tests\Fizzbuzz.Tests.csproj", "{D757BCE0-A7EB-4665-ABA8-8070CF0F58BA}"
EndProject
Project("{9A19103F-16F7-4668-BE54-9A1E7A4F7556}") = "ReversePolishNotation", "ReversePolishNotation\ReversePolishNotation.csproj", "{E5744054-9C95-48AD-91E4-E83F7C7D46BD}"
EndProject
Project("{9A19103F-16F7-4668-BE54-9A1E7A4F7556}") = "CharacterCounter", "CharacterCounter\CharacterCounter.csproj", "{138182BF-9FCE-48A7-99DE-E25BC06D6E7F}"
EndProject
Project("{9A19103F-16F7-4668-BE54-9A1E7A4F7556}") = "Hanoi", "Hanoi\Hanoi.csproj", "{4C934D9F-2451-4D88-9845-61E632CE1A15}"
EndProject
Project("{FAE04EC0-301F-11D3-BF4B-00C04F79EFBC}") = "ATM", "ATM\ATM.csproj", "{7E59F627-28BA-4AE8-96E2-C6EE1FA7846C}"
EndProject
Global
	GlobalSection(SolutionConfigurationPlatforms) = preSolution
		Debug|Any CPU = Debug|Any CPU
		Release|Any CPU = Release|Any CPU
	EndGlobalSection
	GlobalSection(ProjectConfigurationPlatforms) = postSolution
		{7572662F-FE46-4784-988E-E24A724B8805}.Debug|Any CPU.ActiveCfg = Debug|Any CPU
		{7572662F-FE46-4784-988E-E24A724B8805}.Debug|Any CPU.Build.0 = Debug|Any CPU
		{7572662F-FE46-4784-988E-E24A724B8805}.Release|Any CPU.ActiveCfg = Release|Any CPU
		{7572662F-FE46-4784-988E-E24A724B8805}.Release|Any CPU.Build.0 = Release|Any CPU
		{D757BCE0-A7EB-4665-ABA8-8070CF0F58BA}.Debug|Any CPU.ActiveCfg = Debug|Any CPU
		{D757BCE0-A7EB-4665-ABA8-8070CF0F58BA}.Debug|Any CPU.Build.0 = Debug|Any CPU
		{D757BCE0-A7EB-4665-ABA8-8070CF0F58BA}.Release|Any CPU.ActiveCfg = Release|Any CPU
		{D757BCE0-A7EB-4665-ABA8-8070CF0F58BA}.Release|Any CPU.Build.0 = Release|Any CPU
		{E5744054-9C95-48AD-91E4-E83F7C7D46BD}.Debug|Any CPU.ActiveCfg = Debug|Any CPU
		{E5744054-9C95-48AD-91E4-E83F7C7D46BD}.Debug|Any CPU.Build.0 = Debug|Any CPU
		{E5744054-9C95-48AD-91E4-E83F7C7D46BD}.Release|Any CPU.ActiveCfg = Release|Any CPU
		{E5744054-9C95-48AD-91E4-E83F7C7D46BD}.Release|Any CPU.Build.0 = Release|Any CPU
		{138182BF-9FCE-48A7-99DE-E25BC06D6E7F}.Debug|Any CPU.ActiveCfg = Debug|Any CPU
		{138182BF-9FCE-48A7-99DE-E25BC06D6E7F}.Debug|Any CPU.Build.0 = Debug|Any CPU
		{138182BF-9FCE-48A7-99DE-E25BC06D6E7F}.Release|Any CPU.ActiveCfg = Release|Any CPU
		{138182BF-9FCE-48A7-99DE-E25BC06D6E7F}.Release|Any CPU.Build.0 = Release|Any CPU
		{4C934D9F-2451-4D88-9845-61E632CE1A15}.Debug|Any CPU.ActiveCfg = Debug|Any CPU
		{4C934D9F-2451-4D88-9845-61E632CE1A15}.Debug|Any CPU.Build.0 = Debug|Any CPU
		{4C934D9F-2451-4D88-9845-61E632CE1A15}.Release|Any CPU.ActiveCfg = Release|Any CPU
		{4C934D9F-2451-4D88-9845-61E632CE1A15}.Release|Any CPU.Build.0 = Release|Any CPU
		{7E59F627-28BA-4AE8-96E2-C6EE1FA7846C}.Debug|Any CPU.ActiveCfg = Debug|Any CPU
		{7E59F627-28BA-4AE8-96E2-C6EE1FA7846C}.Debug|Any CPU.Build.0 = Debug|Any CPU
		{7E59F627-28BA-4AE8-96E2-C6EE1FA7846C}.Release|Any CPU.ActiveCfg = Release|Any CPU
		{7E59F627-28BA-4AE8-96E2-C6EE1FA7846C}.Release|Any CPU.Build.0 = Release|Any CPU
	EndGlobalSection
	GlobalSection(SolutionProperties) = preSolution
		HideSolutionNode = FALSE
	EndGlobalSection
	GlobalSection(ExtensibilityGlobals) = postSolution
		SolutionGuid = {8691466B-69FD-41FD-B2DC-B5F6BBA10E1B}
	EndGlobalSection
EndGlobal
